
Microsoft Visual Studio Solution File, Format Version 12.00
# Visual Studio Version 17
VisualStudioVersion = 17.5.33424.131
MinimumVisualStudioVersion = 10.0.40219.1
Project("{FAE04EC0-301F-11D3-BF4B-00C04F79EFBC}") = "DeligateExamp", "DeligateExamp\DeligateExamp.csproj", "{6CC95534-DD64-4F60-A422-8B4F04D89CAC}"
EndProject
Global
	GlobalSection(SolutionConfigurationPlatforms) = preSolution
		Debug|Any CPU = Debug|Any CPU
		Release|Any CPU = Release|Any CPU
	EndGlobalSection
	GlobalSection(ProjectConfigurationPlatforms) = postSolution
		{6CC95534-DD64-4F60-A422-8B4F04D89CAC}.Debug|Any CPU.ActiveCfg = Debug|Any CPU
		{6CC95534-DD64-4F60-A422-8B4F04D89CAC}.Debug|Any CPU.Build.0 = Debug|Any CPU
		{6CC95534-DD64-4F60-A422-8B4F04D89CAC}.Release|Any CPU.ActiveCfg = Release|Any CPU
		{6CC95534-DD64-4F60-A422-8B4F04D89CAC}.Release|Any CPU.Build.0 = Release|Any CPU
	EndGlobalSection
	GlobalSection(SolutionProperties) = preSolution
		HideSolutionNode = FALSE
	EndGlobalSection
	GlobalSection(ExtensibilityGlobals) = postSolution
		SolutionGuid = {ACFF8A49-5B0B-461B-AA78-C975E480E608}
	EndGlobalSection
EndGlobal
